
Microsoft Visual Studio Solution File, Format Version 12.00
# Visual Studio Version 17
VisualStudioVersion = 17.4.33110.190
MinimumVisualStudioVersion = 10.0.40219.1
Project("{9A19103F-16F7-4668-BE54-9A1E7A4F7556}") = "DemoApi", "DemoApi\DemoApi.csproj", "{C0970ACA-7393-4D71-8ABB-F415469349EC}"
EndProject
Project("{9A19103F-16F7-4668-BE54-9A1E7A4F7556}") = "Repository", "Repository\Repository.csproj", "{880EFB58-091A-4B67-B85A-5F6555FC8381}"
EndProject
Project("{9A19103F-16F7-4668-BE54-9A1E7A4F7556}") = "Bussiness", "Bussiness\Bussiness.csproj", "{70BFE167-54CC-40D4-A5DD-DF5B2073B65A}"
EndProject
Project("{9A19103F-16F7-4668-BE54-9A1E7A4F7556}") = "Common", "Common\Common.csproj", "{7F645CF0-C517-4211-8B4D-8EF55D2BAEF0}"
EndProject
Global
	GlobalSection(SolutionConfigurationPlatforms) = preSolution
		Debug|Any CPU = Debug|Any CPU
		Release|Any CPU = Release|Any CPU
	EndGlobalSection
	GlobalSection(ProjectConfigurationPlatforms) = postSolution
		{C0970ACA-7393-4D71-8ABB-F415469349EC}.Debug|Any CPU.ActiveCfg = Debug|Any CPU
		{C0970ACA-7393-4D71-8ABB-F415469349EC}.Debug|Any CPU.Build.0 = Debug|Any CPU
		{C0970ACA-7393-4D71-8ABB-F415469349EC}.Release|Any CPU.ActiveCfg = Release|Any CPU
		{C0970ACA-7393-4D71-8ABB-F415469349EC}.Release|Any CPU.Build.0 = Release|Any CPU
		{880EFB58-091A-4B67-B85A-5F6555FC8381}.Debug|Any CPU.ActiveCfg = Debug|Any CPU
		{880EFB58-091A-4B67-B85A-5F6555FC8381}.Debug|Any CPU.Build.0 = Debug|Any CPU
		{880EFB58-091A-4B67-B85A-5F6555FC8381}.Release|Any CPU.ActiveCfg = Release|Any CPU
		{880EFB58-091A-4B67-B85A-5F6555FC8381}.Release|Any CPU.Build.0 = Release|Any CPU
		{70BFE167-54CC-40D4-A5DD-DF5B2073B65A}.Debug|Any CPU.ActiveCfg = Debug|Any CPU
		{70BFE167-54CC-40D4-A5DD-DF5B2073B65A}.Debug|Any CPU.Build.0 = Debug|Any CPU
		{70BFE167-54CC-40D4-A5DD-DF5B2073B65A}.Release|Any CPU.ActiveCfg = Release|Any CPU
		{70BFE167-54CC-40D4-A5DD-DF5B2073B65A}.Release|Any CPU.Build.0 = Release|Any CPU
		{7F645CF0-C517-4211-8B4D-8EF55D2BAEF0}.Debug|Any CPU.ActiveCfg = Debug|Any CPU
		{7F645CF0-C517-4211-8B4D-8EF55D2BAEF0}.Debug|Any CPU.Build.0 = Debug|Any CPU
		{7F645CF0-C517-4211-8B4D-8EF55D2BAEF0}.Release|Any CPU.ActiveCfg = Release|Any CPU
		{7F645CF0-C517-4211-8B4D-8EF55D2BAEF0}.Release|Any CPU.Build.0 = Release|Any CPU
	EndGlobalSection
	GlobalSection(SolutionProperties) = preSolution
		HideSolutionNode = FALSE
	EndGlobalSection
	GlobalSection(ExtensibilityGlobals) = postSolution
		SolutionGuid = {54412718-075D-4825-A756-64A595012EBE}
	EndGlobalSection
EndGlobal
